
Microsoft Visual Studio Solution File, Format Version 12.00
# Visual Studio Version 17
VisualStudioVersion = 17.0.31717.71
MinimumVisualStudioVersion = 15.0.26124.0
Project("{FAE04EC0-301F-11D3-BF4B-00C04F79EFBC}") = "BlazorApp1.Server", "BlazorApp1\Server\BlazorApp1.Server.csproj", "{84981BA6-668B-4871-9FB2-64D4ED7CB607}"
EndProject
Project("{FAE04EC0-301F-11D3-BF4B-00C04F79EFBC}") = "BlazorApp1.Client", "BlazorApp1\Client\BlazorApp1.Client.csproj", "{EAE7357C-5528-4D88-AE25-7B9883B22CE5}"
EndProject
Project("{FAE04EC0-301F-11D3-BF4B-00C04F79EFBC}") = "BlazorApp1.Shared", "BlazorApp1\Shared\BlazorApp1.Shared.csproj", "{3F71664C-97EF-4E37-B084-EFC8C9EE640A}"
EndProject
Global
	GlobalSection(SolutionConfigurationPlatforms) = preSolution
		Debug|Any CPU = Debug|Any CPU
		Release|Any CPU = Release|Any CPU
	EndGlobalSection
	GlobalSection(ProjectConfigurationPlatforms) = postSolution
		{84981BA6-668B-4871-9FB2-64D4ED7CB607}.Debug|Any CPU.ActiveCfg = Debug|Any CPU
		{84981BA6-668B-4871-9FB2-64D4ED7CB607}.Debug|Any CPU.Build.0 = Debug|Any CPU
		{84981BA6-668B-4871-9FB2-64D4ED7CB607}.Release|Any CPU.ActiveCfg = Release|Any CPU
		{84981BA6-668B-4871-9FB2-64D4ED7CB607}.Release|Any CPU.Build.0 = Release|Any CPU
		{EAE7357C-5528-4D88-AE25-7B9883B22CE5}.Debug|Any CPU.ActiveCfg = Debug|Any CPU
		{EAE7357C-5528-4D88-AE25-7B9883B22CE5}.Debug|Any CPU.Build.0 = Debug|Any CPU
		{EAE7357C-5528-4D88-AE25-7B9883B22CE5}.Release|Any CPU.ActiveCfg = Release|Any CPU
		{EAE7357C-5528-4D88-AE25-7B9883B22CE5}.Release|Any CPU.Build.0 = Release|Any CPU
		{3F71664C-97EF-4E37-B084-EFC8C9EE640A}.Debug|Any CPU.ActiveCfg = Debug|Any CPU
		{3F71664C-97EF-4E37-B084-EFC8C9EE640A}.Debug|Any CPU.Build.0 = Debug|Any CPU
		{3F71664C-97EF-4E37-B084-EFC8C9EE640A}.Release|Any CPU.ActiveCfg = Release|Any CPU
		{3F71664C-97EF-4E37-B084-EFC8C9EE640A}.Release|Any CPU.Build.0 = Release|Any CPU
	EndGlobalSection
	GlobalSection(SolutionProperties) = preSolution
		HideSolutionNode = FALSE
	EndGlobalSection
	GlobalSection(ExtensibilityGlobals) = postSolution
		SolutionGuid = {EBF86A4A-E639-4F62-AAEE-EAD045707B45}
	EndGlobalSection
EndGlobal
